// !$*UTF8*$!
{
	archiveVersion = 1;
	classes = {
	};
	objectVersion = 46;
	objects = {

/* Begin PBXBuildFile section */
		065F322C1BF8DE720029B2AF /* AppDelegate.swift in Sources */ = {isa = PBXBuildFile; fileRef = 065F322B1BF8DE720029B2AF /* AppDelegate.swift */; };
		065F322E1BF8DE720029B2AF /* ViewController.swift in Sources */ = {isa = PBXBuildFile; fileRef = 065F322D1BF8DE720029B2AF /* ViewController.swift */; };
		065F32311BF8DE720029B2AF /* Main.storyboard in Resources */ = {isa = PBXBuildFile; fileRef = 065F322F1BF8DE720029B2AF /* Main.storyboard */; };
		065F32331BF8DE720029B2AF /* Assets.xcassets in Resources */ = {isa = PBXBuildFile; fileRef = 065F32321BF8DE720029B2AF /* Assets.xcassets */; };
		065F32361BF8DE720029B2AF /* LaunchScreen.storyboard in Resources */ = {isa = PBXBuildFile; fileRef = 065F32341BF8DE720029B2AF /* LaunchScreen.storyboard */; };
		065F32411BF8DE720029B2AF /* WhereIAmTests.swift in Sources */ = {isa = PBXBuildFile; fileRef = 065F32401BF8DE720029B2AF /* WhereIAmTests.swift */; };
		065F324C1BF8DE720029B2AF /* WhereIAmUITests.swift in Sources */ = {isa = PBXBuildFile; fileRef = 065F324B1BF8DE720029B2AF /* WhereIAmUITests.swift */; };
/* End PBXBuildFile section */

/* Begin PBXContainerItemProxy section */
		065F323D1BF8DE720029B2AF /* PBXContainerItemProxy */ = {
			isa = PBXContainerItemProxy;
			containerPortal = 065F32201BF8DE720029B2AF /* Project object */;
			proxyType = 1;
			remoteGlobalIDString = 065F32271BF8DE720029B2AF;
			remoteInfo = WhereIAm;
		};
		065F32481BF8DE720029B2AF /* PBXContainerItemProxy */ = {
			isa = PBXContainerItemProxy;
			containerPortal = 065F32201BF8DE720029B2AF /* Project object */;
			proxyType = 1;
			remoteGlobalIDString = 065F32271BF8DE720029B2AF;
			remoteInfo = WhereIAm;
		};
/* End PBXContainerItemProxy section */

/* Begin PBXFileReference section */
		065F32281BF8DE720029B2AF /* WhereIAm.app */ = {isa = PBXFileReference; explicitFileType = wrapper.application; includeInIndex = 0; path = WhereIAm.app; sourceTree = BUILT_PRODUCTS_DIR; };
		065F322B1BF8DE720029B2AF /* AppDelegate.swift */ = {isa = PBXFileReference; lastKnownFileType = sourcecode.swift; path = AppDelegate.swift; sourceTree = "<group>"; };
		065F322D1BF8DE720029B2AF /* ViewController.swift */ = {isa = PBXFileReference; lastKnownFileType = sourcecode.swift; path = ViewController.swift; sourceTree = "<group>"; };
		065F32301BF8DE720029B2AF /* Base */ = {isa = PBXFileReference; lastKnownFileType = file.storyboard; name = Base; path = Base.lproj/Main.storyboard; sourceTree = "<group>"; };
		065F32321BF8DE720029B2AF /* Assets.xcassets */ = {isa = PBXFileReference; lastKnownFileType = folder.assetcatalog; path = Assets.xcassets; sourceTree = "<group>"; };
		065F32351BF8DE720029B2AF /* Base */ = {isa = PBXFileReference; lastKnownFileType = file.storyboard; name = Base; path = Base.lproj/LaunchScreen.storyboard; sourceTree = "<group>"; };
		065F32371BF8DE720029B2AF /* Info.plist */ = {isa = PBXFileReference; lastKnownFileType = text.plist.xml; path = Info.plist; sourceTree = "<group>"; };
		065F323C1BF8DE720029B2AF /* WhereIAmTests.xctest */ = {isa = PBXFileReference; explicitFileType = wrapper.cfbundle; includeInIndex = 0; path = WhereIAmTests.xctest; sourceTree = BUILT_PRODUCTS_DIR; };
		065F32401BF8DE720029B2AF /* WhereIAmTests.swift */ = {isa = PBXFileReference; lastKnownFileType = sourcecode.swift; path = WhereIAmTests.swift; sourceTree = "<group>"; };
		065F32421BF8DE720029B2AF /* Info.plist */ = {isa = PBXFileReference; lastKnownFileType = text.plist.xml; path = Info.plist; sourceTree = "<group>"; };
		065F32471BF8DE720029B2AF /* WhereIAmUITests.xctest */ = {isa = PBXFileReference; explicitFileType = wrapper.cfbundle; includeInIndex = 0; path = WhereIAmUITests.xctest; sourceTree = BUILT_PRODUCTS_DIR; };
		065F324B1BF8DE720029B2AF /* WhereIAmUITests.swift */ = {isa = PBXFileReference; lastKnownFileType = sourcecode.swift; path = WhereIAmUITests.swift; sourceTree = "<group>"; };
		065F324D1BF8DE720029B2AF /* Info.plist */ = {isa = PBXFileReference; lastKnownFileType = text.plist.xml; path = Info.plist; sourceTree = "<group>"; };
/* End PBXFileReference section */

/* Begin PBXFrameworksBuildPhase section */
		065F32251BF8DE720029B2AF /* Frameworks */ = {
			isa = PBXFrameworksBuildPhase;
			buildActionMask = 2147483647;
			files = (
			);
			runOnlyForDeploymentPostprocessing = 0;
		};
		065F32391BF8DE720029B2AF /* Frameworks */ = {
			isa = PBXFrameworksBuildPhase;
			buildActionMask = 2147483647;
			files = (
			);
			runOnlyForDeploymentPostprocessing = 0;
		};
		065F32441BF8DE720029B2AF /* Frameworks */ = {
			isa = PBXFrameworksBuildPhase;
			buildActionMask = 2147483647;
			files = (
			);
			runOnlyForDeploymentPostprocessing = 0;
		};
/* End PBXFrameworksBuildPhase section */

/* Begin PBXGroup section */
		065F321F1BF8DE720029B2AF = {
			isa = PBXGroup;
			children = (
				065F322A1BF8DE720029B2AF /* WhereIAm */,
				065F323F1BF8DE720029B2AF /* WhereIAmTests */,
				065F324A1BF8DE720029B2AF /* WhereIAmUITests */,
				065F32291BF8DE720029B2AF /* Products */,
			);
			sourceTree = "<group>";
		};
		065F32291BF8DE720029B2AF /* Products */ = {
			isa = PBXGroup;
			children = (
				065F32281BF8DE720029B2AF /* WhereIAm.app */,
				065F323C1BF8DE720029B2AF /* WhereIAmTests.xctest */,
				065F32471BF8DE720029B2AF /* WhereIAmUITests.xctest */,
			);
			name = Products;
			sourceTree = "<group>";
		};
		065F322A1BF8DE720029B2AF /* WhereIAm */ = {
			isa = PBXGroup;
			children = (
				065F322B1BF8DE720029B2AF /* AppDelegate.swift */,
				065F322D1BF8DE720029B2AF /* ViewController.swift */,
				065F322F1BF8DE720029B2AF /* Main.storyboard */,
				065F32321BF8DE720029B2AF /* Assets.xcassets */,
				065F32341BF8DE720029B2AF /* LaunchScreen.storyboard */,
				065F32371BF8DE720029B2AF /* Info.plist */,
			);
			path = WhereIAm;
			sourceTree = "<group>";
		};
		065F323F1BF8DE720029B2AF /* WhereIAmTests */ = {
			isa = PBXGroup;
			children = (
				065F32401BF8DE720029B2AF /* WhereIAmTests.swift */,
				065F32421BF8DE720029B2AF /* Info.plist */,
			);
			path = WhereIAmTests;
			sourceTree = "<group>";
		};
		065F324A1BF8DE720029B2AF /* WhereIAmUITests */ = {
			isa = PBXGroup;
			children = (
				065F324B1BF8DE720029B2AF /* WhereIAmUITests.swift */,
				065F324D1BF8DE720029B2AF /* Info.plist */,
			);
			path = WhereIAmUITests;
			sourceTree = "<group>";
		};
/* End PBXGroup section */

/* Begin PBXNativeTarget section */
		065F32271BF8DE720029B2AF /* WhereIAm */ = {
			isa = PBXNativeTarget;
			buildConfigurationList = 065F32501BF8DE720029B2AF /* Build configuration list for PBXNativeTarget "WhereIAm" */;
			buildPhases = (
				065F32241BF8DE720029B2AF /* Sources */,
				065F32251BF8DE720029B2AF /* Frameworks */,
				065F32261BF8DE720029B2AF /* Resources */,
			);
			buildRules = (
			);
			dependencies = (
			);
			name = WhereIAm;
			productName = WhereIAm;
			productReference = 065F32281BF8DE720029B2AF /* WhereIAm.app */;
			productType = "com.apple.product-type.application";
		};
		065F323B1BF8DE720029B2AF /* WhereIAmTests */ = {
			isa = PBXNativeTarget;
			buildConfigurationList = 065F32531BF8DE720029B2AF /* Build configuration list for PBXNativeTarget "WhereIAmTests" */;
			buildPhases = (
				065F32381BF8DE720029B2AF /* Sources */,
				065F32391BF8DE720029B2AF /* Frameworks */,
				065F323A1BF8DE720029B2AF /* Resources */,
			);
			buildRules = (
			);
			dependencies = (
				065F323E1BF8DE720029B2AF /* PBXTargetDependency */,
			);
			name = WhereIAmTests;
			productName = WhereIAmTests;
			productReference = 065F323C1BF8DE720029B2AF /* WhereIAmTests.xctest */;
			productType = "com.apple.product-type.bundle.unit-test";
		};
		065F32461BF8DE720029B2AF /* WhereIAmUITests */ = {
			isa = PBXNativeTarget;
			buildConfigurationList = 065F32561BF8DE720029B2AF /* Build configuration list for PBXNativeTarget "WhereIAmUITests" */;
			buildPhases = (
				065F32431BF8DE720029B2AF /* Sources */,
				065F32441BF8DE720029B2AF /* Frameworks */,
				065F32451BF8DE720029B2AF /* Resources */,
			);
			buildRules = (
			);
			dependencies = (
				065F32491BF8DE720029B2AF /* PBXTargetDependency */,
			);
			name = WhereIAmUITests;
			productName = WhereIAmUITests;
			productReference = 065F32471BF8DE720029B2AF /* WhereIAmUITests.xctest */;
			productType = "com.apple.product-type.bundle.ui-testing";
		};
/* End PBXNativeTarget section */

/* Begin PBXProject section */
		065F32201BF8DE720029B2AF /* Project object */ = {
			isa = PBXProject;
			attributes = {
				LastSwiftUpdateCheck = 0710;
				LastUpgradeCheck = 0710;
				ORGANIZATIONNAME = "Daniel Marques Da Silva";
				TargetAttributes = {
					065F32271BF8DE720029B2AF = {
						CreatedOnToolsVersion = 7.1.1;
					};
					065F323B1BF8DE720029B2AF = {
						CreatedOnToolsVersion = 7.1.1;
						TestTargetID = 065F32271BF8DE720029B2AF;
					};
					065F32461BF8DE720029B2AF = {
						CreatedOnToolsVersion = 7.1.1;
						TestTargetID = 065F32271BF8DE720029B2AF;
					};
				};
			};
			buildConfigurationList = 065F32231BF8DE720029B2AF /* Build configuration list for PBXProject "WhereIAm" */;
			compatibilityVersion = "Xcode 3.2";
			developmentRegion = English;
			hasScannedForEncodings = 0;
			knownRegions = (
				en,
				Base,
			);
			mainGroup = 065F321F1BF8DE720029B2AF;
			productRefGroup = 065F32291BF8DE720029B2AF /* Products */;
			projectDirPath = "";
			projectRoot = "";
			targets = (
				065F32271BF8DE720029B2AF /* WhereIAm */,
				065F323B1BF8DE720029B2AF /* WhereIAmTests */,
				065F32461BF8DE720029B2AF /* WhereIAmUITests */,
			);
		};
/* End PBXProject section */

/* Begin PBXResourcesBuildPhase section */
		065F32261BF8DE720029B2AF /* Resources */ = {
			isa = PBXResourcesBuildPhase;
			buildActionMask = 2147483647;
			files = (
				065F32361BF8DE720029B2AF /* LaunchScreen.storyboard in Resources */,
				065F32331BF8DE720029B2AF /* Assets.xcassets in Resources */,
				065F32311BF8DE720029B2AF /* Main.storyboard in Resources */,
			);
			runOnlyForDeploymentPostprocessing = 0;
		};
		065F323A1BF8DE720029B2AF /* Resources */ = {
			isa = PBXResourcesBuildPhase;
			buildActionMask = 2147483647;
			files = (
			);
			runOnlyForDeploymentPostprocessing = 0;
		};
		065F32451BF8DE720029B2AF /* Resources */ = {
			isa = PBXResourcesBuildPhase;
			buildActionMask = 2147483647;
			files = (
			);
			runOnlyForDeploymentPostprocessing = 0;
		};
/* End PBXResourcesBuildPhase section */

/* Begin PBXSourcesBuildPhase section */
		065F32241BF8DE720029B2AF /* Sources */ = {
			isa = PBXSourcesBuildPhase;
			buildActionMask = 2147483647;
			files = (
				065F322E1BF8DE720029B2AF /* ViewController.swift in Sources */,
				065F322C1BF8DE720029B2AF /* AppDelegate.swift in Sources */,
			);
			runOnlyForDeploymentPostprocessing = 0;
		};
		065F32381BF8DE720029B2AF /* Sources */ = {
			isa = PBXSourcesBuildPhase;
			buildActionMask = 2147483647;
			files = (
				065F32411BF8DE720029B2AF /* WhereIAmTests.swift in Sources */,
			);
			runOnlyForDeploymentPostprocessing = 0;
		};
		065F32431BF8DE720029B2AF /* Sources */ = {
			isa = PBXSourcesBuildPhase;
			buildActionMask = 2147483647;
			files = (
				065F324C1BF8DE720029B2AF /* WhereIAmUITests.swift in Sources */,
			);
			runOnlyForDeploymentPostprocessing = 0;
		};
/* End PBXSourcesBuildPhase section */

/* Begin PBXTargetDependency section */
		065F323E1BF8DE720029B2AF /* PBXTargetDependency */ = {
			isa = PBXTargetDependency;
			target = 065F32271BF8DE720029B2AF /* WhereIAm */;
			targetProxy = 065F323D1BF8DE720029B2AF /* PBXContainerItemProxy */;
		};
		065F32491BF8DE720029B2AF /* PBXTargetDependency */ = {
			isa = PBXTargetDependency;
			target = 065F32271BF8DE720029B2AF /* WhereIAm */;
			targetProxy = 065F32481BF8DE720029B2AF /* PBXContainerItemProxy */;
		};
/* End PBXTargetDependency section */

/* Begin PBXVariantGroup section */
		065F322F1BF8DE720029B2AF /* Main.storyboard */ = {
			isa = PBXVariantGroup;
			children = (
				065F32301BF8DE720029B2AF /* Base */,
			);
			name = Main.storyboard;
			sourceTree = "<group>";
		};
		065F32341BF8DE720029B2AF /* LaunchScreen.storyboard */ = {
			isa = PBXVariantGroup;
			children = (
				065F32351BF8DE720029B2AF /* Base */,
			);
			name = LaunchScreen.storyboard;
			sourceTree = "<group>";
		};
/* End PBXVariantGroup section */

/* Begin XCBuildConfiguration section */
		065F324E1BF8DE720029B2AF /* Debug */ = {
			isa = XCBuildConfiguration;
			buildSettings = {
				ALWAYS_SEARCH_USER_PATHS = NO;
				CLANG_CXX_LANGUAGE_STANDARD = "gnu++0x";
				CLANG_CXX_LIBRARY = "libc++";
				CLANG_ENABLE_MODULES = YES;
				CLANG_ENABLE_OBJC_ARC = YES;
				CLANG_WARN_BOOL_CONVERSION = YES;
				CLANG_WARN_CONSTANT_CONVERSION = YES;
				CLANG_WARN_DIRECT_OBJC_ISA_USAGE = YES_ERROR;
				CLANG_WARN_EMPTY_BODY = YES;
				CLANG_WARN_ENUM_CONVERSION = YES;
				CLANG_WARN_INT_CONVERSION = YES;
				CLANG_WARN_OBJC_ROOT_CLASS = YES_ERROR;
				CLANG_WARN_UNREACHABLE_CODE = YES;
				CLANG_WARN__DUPLICATE_METHOD_MATCH = YES;
				"CODE_SIGN_IDENTITY[sdk=iphoneos*]" = "iPhone Developer";
				COPY_PHASE_STRIP = NO;
				DEBUG_INFORMATION_FORMAT = dwarf;
				ENABLE_STRICT_OBJC_MSGSEND = YES;
				ENABLE_TESTABILITY = YES;
				GCC_C_LANGUAGE_STANDARD = gnu99;
				GCC_DYNAMIC_NO_PIC = NO;
				GCC_NO_COMMON_BLOCKS = YES;
				GCC_OPTIMIZATION_LEVEL = 0;
				GCC_PREPROCESSOR_DEFINITIONS = (
					"DEBUG=1",
					"$(inherited)",
				);
				GCC_WARN_64_TO_32_BIT_CONVERSION = YES;
				GCC_WARN_ABOUT_RETURN_TYPE = YES_ERROR;
				GCC_WARN_UNDECLARED_SELECTOR = YES;
				GCC_WARN_UNINITIALIZED_AUTOS = YES_AGGRESSIVE;
				GCC_WARN_UNUSED_FUNCTION = YES;
				GCC_WARN_UNUSED_VARIABLE = YES;
				IPHONEOS_DEPLOYMENT_TARGET = 9.1;
				MTL_ENABLE_DEBUG_INFO = YES;
				ONLY_ACTIVE_ARCH = YES;
				SDKROOT = iphoneos;
				SWIFT_OPTIMIZATION_LEVEL = "-Onone";
				TARGETED_DEVICE_FAMILY = "1,2";
			};
			name = Debug;
		};
		065F324F1BF8DE720029B2AF /* Release */ = {
			isa = XCBuildConfiguration;
			buildSettings = {
				ALWAYS_SEARCH_USER_PATHS = NO;
				CLANG_CXX_LANGUAGE_STANDARD = "gnu++0x";
				CLANG_CXX_LIBRARY = "libc++";
				CLANG_ENABLE_MODULES = YES;
				CLANG_ENABLE_OBJC_ARC = YES;
				CLANG_WARN_BOOL_CONVERSION = YES;
				CLANG_WARN_CONSTANT_CONVERSION = YES;
				CLANG_WARN_DIRECT_OBJC_ISA_USAGE = YES_ERROR;
				CLANG_WARN_EMPTY_BODY = YES;
				CLANG_WARN_ENUM_CONVERSION = YES;
				CLANG_WARN_INT_CONVERSION = YES;
				CLANG_WARN_OBJC_ROOT_CLASS = YES_ERROR;
				CLANG_WARN_UNREACHABLE_CODE = YES;
				CLANG_WARN__DUPLICATE_METHOD_MATCH = YES;
				"CODE_SIGN_IDENTITY[sdk=iphoneos*]" = "iPhone Developer";
				COPY_PHASE_STRIP = NO;
				DEBUG_INFORMATION_FORMAT = "dwarf-with-dsym";
				ENABLE_NS_ASSERTIONS = NO;
				ENABLE_STRICT_OBJC_MSGSEND = YES;
				GCC_C_LANGUAGE_STANDARD = gnu99;
				GCC_NO_COMMON_BLOCKS = YES;
				GCC_WARN_64_TO_32_BIT_CONVERSION = YES;
				GCC_WARN_ABOUT_RETURN_TYPE = YES_ERROR;
				GCC_WARN_UNDECLARED_SELECTOR = YES;
				GCC_WARN_UNINITIALIZED_AUTOS = YES_AGGRESSIVE;
				GCC_WARN_UNUSED_FUNCTION = YES;
				GCC_WARN_UNUSED_VARIABLE = YES;
				IPHONEOS_DEPLOYMENT_TARGET = 9.1;
				MTL_ENABLE_DEBUG_INFO = NO;
				SDKROOT = iphoneos;
				TARGETED_DEVICE_FAMILY = "1,2";
				VALIDATE_PRODUCT = YES;
			};
			name = Release;
		};
		065F32511BF8DE720029B2AF /* Debug */ = {
			isa = XCBuildConfiguration;
			buildSettings = {
				ASSETCATALOG_COMPILER_APPICON_NAME = AppIcon;
				INFOPLIST_FILE = WhereIAm/Info.plist;
				LD_RUNPATH_SEARCH_PATHS = "$(inherited) @executable_path/Frameworks";
				PRODUCT_BUNDLE_IDENTIFIER = injoin.com.br.WhereIAm;
				PRODUCT_NAME = "$(TARGET_NAME)";
			};
			name = Debug;
		};
		065F32521BF8DE720029B2AF /* Release */ = {
			isa = XCBuildConfiguration;
			buildSettings = {
				ASSETCATALOG_COMPILER_APPICON_NAME = AppIcon;
				INFOPLIST_FILE = WhereIAm/Info.plist;
				LD_RUNPATH_SEARCH_PATHS = "$(inherited) @executable_path/Frameworks";
				PRODUCT_BUNDLE_IDENTIFIER = injoin.com.br.WhereIAm;
				PRODUCT_NAME = "$(TARGET_NAME)";
			};
			name = Release;
		};
		065F32541BF8DE720029B2AF /* Debug */ = {
			isa = XCBuildConfiguration;
			buildSettings = {
				BUNDLE_LOADER = "$(TEST_HOST)";
				INFOPLIST_FILE = WhereIAmTests/Info.plist;
				LD_RUNPATH_SEARCH_PATHS = "$(inherited) @executable_path/Frameworks @loader_path/Frameworks";
				PRODUCT_BUNDLE_IDENTIFIER = injoin.com.br.WhereIAmTests;
				PRODUCT_NAME = "$(TARGET_NAME)";
				TEST_HOST = "$(BUILT_PRODUCTS_DIR)/WhereIAm.app/WhereIAm";
			};
			name = Debug;
		};
		065F32551BF8DE720029B2AF /* Release */ = {
			isa = XCBuildConfiguration;
			buildSettings = {
				BUNDLE_LOADER = "$(TEST_HOST)";
				INFOPLIST_FILE = WhereIAmTests/Info.plist;
				LD_RUNPATH_SEARCH_PATHS = "$(inherited) @executable_path/Frameworks @loader_path/Frameworks";
				PRODUCT_BUNDLE_IDENTIFIER = injoin.com.br.WhereIAmTests;
				PRODUCT_NAME = "$(TARGET_NAME)";
				TEST_HOST = "$(BUILT_PRODUCTS_DIR)/WhereIAm.app/WhereIAm";
			};
			name = Release;
		};
		065F32571BF8DE720029B2AF /* Debug */ = {
			isa = XCBuildConfiguration;
			buildSettings = {
				INFOPLIST_FILE = WhereIAmUITests/Info.plist;
				LD_RUNPATH_SEARCH_PATHS = "$(inherited) @executable_path/Frameworks @loader_path/Frameworks";
				PRODUCT_BUNDLE_IDENTIFIER = injoin.com.br.WhereIAmUITests;
				PRODUCT_NAME = "$(TARGET_NAME)";
				TEST_TARGET_NAME = WhereIAm;
				USES_XCTRUNNER = YES;
			};
			name = Debug;
		};
		065F32581BF8DE720029B2AF /* Release */ = {
			isa = XCBuildConfiguration;
			buildSettings = {
				INFOPLIST_FILE = WhereIAmUITests/Info.plist;
				LD_RUNPATH_SEARCH_PATHS = "$(inherited) @executable_path/Frameworks @loader_path/Frameworks";
				PRODUCT_BUNDLE_IDENTIFIER = injoin.com.br.WhereIAmUITests;
				PRODUCT_NAME = "$(TARGET_NAME)";
				TEST_TARGET_NAME = WhereIAm;
				USES_XCTRUNNER = YES;
			};
			name = Release;
		};
/* End XCBuildConfiguration section */

/* Begin XCConfigurationList section */
		065F32231BF8DE720029B2AF /* Build configuration list for PBXProject "WhereIAm" */ = {
			isa = XCConfigurationList;
			buildConfigurations = (
				065F324E1BF8DE720029B2AF /* Debug */,
				065F324F1BF8DE720029B2AF /* Release */,
			);
			defaultConfigurationIsVisible = 0;
			defaultConfigurationName = Release;
		};
		065F32501BF8DE720029B2AF /* Build configuration list for PBXNativeTarget "WhereIAm" */ = {
			isa = XCConfigurationList;
			buildConfigurations = (
				065F32511BF8DE720029B2AF /* Debug */,
				065F32521BF8DE720029B2AF /* Release */,
			);
			defaultConfigurationIsVisible = 0;
		};
		065F32531BF8DE720029B2AF /* Build configuration list for PBXNativeTarget "WhereIAmTests" */ = {
			isa = XCConfigurationList;
			buildConfigurations = (
				065F32541BF8DE720029B2AF /* Debug */,
				065F32551BF8DE720029B2AF /* Release */,
			);
			defaultConfigurationIsVisible = 0;
		};
		065F32561BF8DE720029B2AF /* Build configuration list for PBXNativeTarget "WhereIAmUITests" */ = {
			isa = XCConfigurationList;
			buildConfigurations = (
				065F32571BF8DE720029B2AF /* Debug */,
				065F32581BF8DE720029B2AF /* Release */,
			);
			defaultConfigurationIsVisible = 0;
		};
/* End XCConfigurationList section */
	};
	rootObject = 065F32201BF8DE720029B2AF /* Project object */;
}
